
Microsoft Visual Studio Solution File, Format Version 12.00
# Visual Studio 15
VisualStudioVersion = 15.0.28307.489
MinimumVisualStudioVersion = 10.0.40219.1
Project("{FAE04EC0-301F-11D3-BF4B-00C04F79EFBC}") = "CursoASPNETMVC", "CursoASPNETMVC\CursoASPNETMVC.csproj", "{0D3E0D6F-E993-431C-A94B-CAA9B4AF2AF6}"
EndProject
Project("{FAE04EC0-301F-11D3-BF4B-00C04F79EFBC}") = "Pruebas", "Pruebas\Pruebas.csproj", "{E6A84940-C071-4393-9EA2-CF41B21E8C48}"
EndProject
Project("{FAE04EC0-301F-11D3-BF4B-00C04F79EFBC}") = "async_await", "async_await\async_await.csproj", "{9AA07792-8AFF-4CDE-AEF0-D62C02B94E7E}"
EndProject
Project("{FAE04EC0-301F-11D3-BF4B-00C04F79EFBC}") = "TryCast", "TryCast\TryCast.csproj", "{26E5005F-69AC-4576-89C9-FB9C467226F5}"
EndProject
Project("{FAE04EC0-301F-11D3-BF4B-00C04F79EFBC}") = "Library", "Library\Library.csproj", "{FC541164-EF4B-4647-A292-1BFD03F55EE4}"
EndProject
Global
	GlobalSection(SolutionConfigurationPlatforms) = preSolution
		Debug|Any CPU = Debug|Any CPU
		Release|Any CPU = Release|Any CPU
	EndGlobalSection
	GlobalSection(ProjectConfigurationPlatforms) = postSolution
		{0D3E0D6F-E993-431C-A94B-CAA9B4AF2AF6}.Debug|Any CPU.ActiveCfg = Debug|Any CPU
		{0D3E0D6F-E993-431C-A94B-CAA9B4AF2AF6}.Debug|Any CPU.Build.0 = Debug|Any CPU
		{0D3E0D6F-E993-431C-A94B-CAA9B4AF2AF6}.Release|Any CPU.ActiveCfg = Release|Any CPU
		{0D3E0D6F-E993-431C-A94B-CAA9B4AF2AF6}.Release|Any CPU.Build.0 = Release|Any CPU
		{E6A84940-C071-4393-9EA2-CF41B21E8C48}.Debug|Any CPU.ActiveCfg = Debug|Any CPU
		{E6A84940-C071-4393-9EA2-CF41B21E8C48}.Debug|Any CPU.Build.0 = Debug|Any CPU
		{E6A84940-C071-4393-9EA2-CF41B21E8C48}.Release|Any CPU.ActiveCfg = Release|Any CPU
		{E6A84940-C071-4393-9EA2-CF41B21E8C48}.Release|Any CPU.Build.0 = Release|Any CPU
		{9AA07792-8AFF-4CDE-AEF0-D62C02B94E7E}.Debug|Any CPU.ActiveCfg = Debug|Any CPU
		{9AA07792-8AFF-4CDE-AEF0-D62C02B94E7E}.Debug|Any CPU.Build.0 = Debug|Any CPU
		{9AA07792-8AFF-4CDE-AEF0-D62C02B94E7E}.Release|Any CPU.ActiveCfg = Release|Any CPU
		{9AA07792-8AFF-4CDE-AEF0-D62C02B94E7E}.Release|Any CPU.Build.0 = Release|Any CPU
		{26E5005F-69AC-4576-89C9-FB9C467226F5}.Debug|Any CPU.ActiveCfg = Debug|Any CPU
		{26E5005F-69AC-4576-89C9-FB9C467226F5}.Debug|Any CPU.Build.0 = Debug|Any CPU
		{26E5005F-69AC-4576-89C9-FB9C467226F5}.Release|Any CPU.ActiveCfg = Release|Any CPU
		{26E5005F-69AC-4576-89C9-FB9C467226F5}.Release|Any CPU.Build.0 = Release|Any CPU
		{FC541164-EF4B-4647-A292-1BFD03F55EE4}.Debug|Any CPU.ActiveCfg = Debug|Any CPU
		{FC541164-EF4B-4647-A292-1BFD03F55EE4}.Debug|Any CPU.Build.0 = Debug|Any CPU
		{FC541164-EF4B-4647-A292-1BFD03F55EE4}.Release|Any CPU.ActiveCfg = Release|Any CPU
		{FC541164-EF4B-4647-A292-1BFD03F55EE4}.Release|Any CPU.Build.0 = Release|Any CPU
	EndGlobalSection
	GlobalSection(SolutionProperties) = preSolution
		HideSolutionNode = FALSE
	EndGlobalSection
	GlobalSection(ExtensibilityGlobals) = postSolution
		SolutionGuid = {966D66B5-02EB-491F-8AEE-BA9A3243E8CF}
	EndGlobalSection
EndGlobal
